// !$*UTF8*$!
{
	archiveVersion = 1;
	classes = {
	};
	objectVersion = 55;
	objects = {

/* Begin PBXBuildFile section */
		FB08F7EF288ED23C000EF9E4 /* AppNavBarView.swift in Sources */ = {isa = PBXBuildFile; fileRef = FB08F7EE288ED23C000EF9E4 /* AppNavBarView.swift */; };
		FB08F7F1288ED3A2000EF9E4 /* CustomNavBarView.swift in Sources */ = {isa = PBXBuildFile; fileRef = FB08F7F0288ED3A2000EF9E4 /* CustomNavBarView.swift */; };
		FB08F7F3288ED593000EF9E4 /* CustomNavBarContainerView.swift in Sources */ = {isa = PBXBuildFile; fileRef = FB08F7F2288ED593000EF9E4 /* CustomNavBarContainerView.swift */; };
		FB08F7F5288ED779000EF9E4 /* CustomNavView.swift in Sources */ = {isa = PBXBuildFile; fileRef = FB08F7F4288ED779000EF9E4 /* CustomNavView.swift */; };
		FB08F7F7288ED8E5000EF9E4 /* CustomNavLink.swift in Sources */ = {isa = PBXBuildFile; fileRef = FB08F7F6288ED8E5000EF9E4 /* CustomNavLink.swift */; };
		FB08F7F9288EDB33000EF9E4 /* CustomNavBarPreferenceKeys.swift in Sources */ = {isa = PBXBuildFile; fileRef = FB08F7F8288EDB33000EF9E4 /* CustomNavBarPreferenceKeys.swift */; };
		FB1DCEF52884C09500722E2F /* MatchGeometry.swift in Sources */ = {isa = PBXBuildFile; fileRef = FB1DCEF42884C09500722E2F /* MatchGeometry.swift */; };
		FB1DCEF728852FB400722E2F /* CustomShapes.swift in Sources */ = {isa = PBXBuildFile; fileRef = FB1DCEF628852FB400722E2F /* CustomShapes.swift */; };
		FBB6DE262881F2E500C53517 /* SwiftUIMasteringApp.swift in Sources */ = {isa = PBXBuildFile; fileRef = FBB6DE252881F2E500C53517 /* SwiftUIMasteringApp.swift */; };
		FBB6DE2A2881F2E800C53517 /* Assets.xcassets in Resources */ = {isa = PBXBuildFile; fileRef = FBB6DE292881F2E800C53517 /* Assets.xcassets */; };
		FBB6DE2D2881F2E800C53517 /* Preview Assets.xcassets in Resources */ = {isa = PBXBuildFile; fileRef = FBB6DE2C2881F2E800C53517 /* Preview Assets.xcassets */; };
		FBB6DE342881F49600C53517 /* ViewModifiers.swift in Sources */ = {isa = PBXBuildFile; fileRef = FBB6DE332881F49600C53517 /* ViewModifiers.swift */; };
		FBB6DE3628822CA200C53517 /* ButtonStyle.swift in Sources */ = {isa = PBXBuildFile; fileRef = FBB6DE3528822CA200C53517 /* ButtonStyle.swift */; };
		FBCA4AC32885AD7B0070CA7C /* CustomCurves.swift in Sources */ = {isa = PBXBuildFile; fileRef = FBCA4AC22885AD7B0070CA7C /* CustomCurves.swift */; };
		FBCA4AC52885C30B0070CA7C /* AnimateableData.swift in Sources */ = {isa = PBXBuildFile; fileRef = FBCA4AC42885C30B0070CA7C /* AnimateableData.swift */; };
		FBCA4AC728867EC10070CA7C /* Generics.swift in Sources */ = {isa = PBXBuildFile; fileRef = FBCA4AC628867EC10070CA7C /* Generics.swift */; };
		FBCA4AC9288691630070CA7C /* ViewBuilder.swift in Sources */ = {isa = PBXBuildFile; fileRef = FBCA4AC8288691630070CA7C /* ViewBuilder.swift */; };
		FBCA4ACB2886A7690070CA7C /* PreferenceKey.swift in Sources */ = {isa = PBXBuildFile; fileRef = FBCA4ACA2886A7690070CA7C /* PreferenceKey.swift */; };
		FBCA4ACE2886AA650070CA7C /* GeometryPreferenceKey.swift in Sources */ = {isa = PBXBuildFile; fileRef = FBCA4ACD2886AA650070CA7C /* GeometryPreferenceKey.swift */; };
		FBCA4AD02886ACB30070CA7C /* ScrollViewOffsetPreferenceKey.swift in Sources */ = {isa = PBXBuildFile; fileRef = FBCA4ACF2886ACB30070CA7C /* ScrollViewOffsetPreferenceKey.swift */; };
		FBCA4AD32887FB450070CA7C /* JSONwithCombine.swift in Sources */ = {isa = PBXBuildFile; fileRef = FBCA4AD22887FB450070CA7C /* JSONwithCombine.swift */; };
		FBCA4AD528880A380070CA7C /* Subscribers.swift in Sources */ = {isa = PBXBuildFile; fileRef = FBCA4AD428880A380070CA7C /* Subscribers.swift */; };
		FBCA4AD8288834630070CA7C /* AppTabBarView.swift in Sources */ = {isa = PBXBuildFile; fileRef = FBCA4AD7288834630070CA7C /* AppTabBarView.swift */; };
		FBCA4ADA288853890070CA7C /* CustomTabBarView.swift in Sources */ = {isa = PBXBuildFile; fileRef = FBCA4AD9288853890070CA7C /* CustomTabBarView.swift */; };
		FBCA4ADC288856F60070CA7C /* CustomBarContainerView.swift in Sources */ = {isa = PBXBuildFile; fileRef = FBCA4ADB288856F60070CA7C /* CustomBarContainerView.swift */; };
		FBCA4ADE28885A1B0070CA7C /* TabBarItemsPreferenceKey.swift in Sources */ = {isa = PBXBuildFile; fileRef = FBCA4ADD28885A1B0070CA7C /* TabBarItemsPreferenceKey.swift */; };
		FBCA4AE028885C8D0070CA7C /* TabBarItem.swift in Sources */ = {isa = PBXBuildFile; fileRef = FBCA4ADF28885C8D0070CA7C /* TabBarItem.swift */; };
		FBD21A68288360E0002F2588 /* AnyTransition.swift in Sources */ = {isa = PBXBuildFile; fileRef = FBD21A67288360E0002F2588 /* AnyTransition.swift */; };
/* End PBXBuildFile section */

/* Begin PBXFileReference section */
		FB08F7EE288ED23C000EF9E4 /* AppNavBarView.swift */ = {isa = PBXFileReference; lastKnownFileType = sourcecode.swift; path = AppNavBarView.swift; sourceTree = "<group>"; };
		FB08F7F0288ED3A2000EF9E4 /* CustomNavBarView.swift */ = {isa = PBXFileReference; lastKnownFileType = sourcecode.swift; path = CustomNavBarView.swift; sourceTree = "<group>"; };
		FB08F7F2288ED593000EF9E4 /* CustomNavBarContainerView.swift */ = {isa = PBXFileReference; lastKnownFileType = sourcecode.swift; path = CustomNavBarContainerView.swift; sourceTree = "<group>"; };
		FB08F7F4288ED779000EF9E4 /* CustomNavView.swift */ = {isa = PBXFileReference; lastKnownFileType = sourcecode.swift; path = CustomNavView.swift; sourceTree = "<group>"; };
		FB08F7F6288ED8E5000EF9E4 /* CustomNavLink.swift */ = {isa = PBXFileReference; lastKnownFileType = sourcecode.swift; path = CustomNavLink.swift; sourceTree = "<group>"; };
		FB08F7F8288EDB33000EF9E4 /* CustomNavBarPreferenceKeys.swift */ = {isa = PBXFileReference; lastKnownFileType = sourcecode.swift; path = CustomNavBarPreferenceKeys.swift; sourceTree = "<group>"; };
		FB1DCEF42884C09500722E2F /* MatchGeometry.swift */ = {isa = PBXFileReference; lastKnownFileType = sourcecode.swift; path = MatchGeometry.swift; sourceTree = "<group>"; };
		FB1DCEF628852FB400722E2F /* CustomShapes.swift */ = {isa = PBXFileReference; lastKnownFileType = sourcecode.swift; path = CustomShapes.swift; sourceTree = "<group>"; };
		FBB6DE222881F2E500C53517 /* SwiftUIMastering.app */ = {isa = PBXFileReference; explicitFileType = wrapper.application; includeInIndex = 0; path = SwiftUIMastering.app; sourceTree = BUILT_PRODUCTS_DIR; };
		FBB6DE252881F2E500C53517 /* SwiftUIMasteringApp.swift */ = {isa = PBXFileReference; lastKnownFileType = sourcecode.swift; path = SwiftUIMasteringApp.swift; sourceTree = "<group>"; };
		FBB6DE292881F2E800C53517 /* Assets.xcassets */ = {isa = PBXFileReference; lastKnownFileType = folder.assetcatalog; path = Assets.xcassets; sourceTree = "<group>"; };
		FBB6DE2C2881F2E800C53517 /* Preview Assets.xcassets */ = {isa = PBXFileReference; lastKnownFileType = folder.assetcatalog; path = "Preview Assets.xcassets"; sourceTree = "<group>"; };
		FBB6DE332881F49600C53517 /* ViewModifiers.swift */ = {isa = PBXFileReference; lastKnownFileType = sourcecode.swift; path = ViewModifiers.swift; sourceTree = "<group>"; };
		FBB6DE3528822CA200C53517 /* ButtonStyle.swift */ = {isa = PBXFileReference; lastKnownFileType = sourcecode.swift; path = ButtonStyle.swift; sourceTree = "<group>"; };
		FBCA4AC22885AD7B0070CA7C /* CustomCurves.swift */ = {isa = PBXFileReference; lastKnownFileType = sourcecode.swift; path = CustomCurves.swift; sourceTree = "<group>"; };
		FBCA4AC42885C30B0070CA7C /* AnimateableData.swift */ = {isa = PBXFileReference; lastKnownFileType = sourcecode.swift; path = AnimateableData.swift; sourceTree = "<group>"; };
		FBCA4AC628867EC10070CA7C /* Generics.swift */ = {isa = PBXFileReference; lastKnownFileType = sourcecode.swift; path = Generics.swift; sourceTree = "<group>"; };
		FBCA4AC8288691630070CA7C /* ViewBuilder.swift */ = {isa = PBXFileReference; lastKnownFileType = sourcecode.swift; path = ViewBuilder.swift; sourceTree = "<group>"; };
		FBCA4ACA2886A7690070CA7C /* PreferenceKey.swift */ = {isa = PBXFileReference; lastKnownFileType = sourcecode.swift; path = PreferenceKey.swift; sourceTree = "<group>"; };
		FBCA4ACD2886AA650070CA7C /* GeometryPreferenceKey.swift */ = {isa = PBXFileReference; lastKnownFileType = sourcecode.swift; path = GeometryPreferenceKey.swift; sourceTree = "<group>"; };
		FBCA4ACF2886ACB30070CA7C /* ScrollViewOffsetPreferenceKey.swift */ = {isa = PBXFileReference; lastKnownFileType = sourcecode.swift; path = ScrollViewOffsetPreferenceKey.swift; sourceTree = "<group>"; };
		FBCA4AD22887FB450070CA7C /* JSONwithCombine.swift */ = {isa = PBXFileReference; lastKnownFileType = sourcecode.swift; path = JSONwithCombine.swift; sourceTree = "<group>"; };
		FBCA4AD428880A380070CA7C /* Subscribers.swift */ = {isa = PBXFileReference; lastKnownFileType = sourcecode.swift; path = Subscribers.swift; sourceTree = "<group>"; };
		FBCA4AD7288834630070CA7C /* AppTabBarView.swift */ = {isa = PBXFileReference; lastKnownFileType = sourcecode.swift; path = AppTabBarView.swift; sourceTree = "<group>"; };
		FBCA4AD9288853890070CA7C /* CustomTabBarView.swift */ = {isa = PBXFileReference; lastKnownFileType = sourcecode.swift; path = CustomTabBarView.swift; sourceTree = "<group>"; };
		FBCA4ADB288856F60070CA7C /* CustomBarContainerView.swift */ = {isa = PBXFileReference; lastKnownFileType = sourcecode.swift; path = CustomBarContainerView.swift; sourceTree = "<group>"; };
		FBCA4ADD28885A1B0070CA7C /* TabBarItemsPreferenceKey.swift */ = {isa = PBXFileReference; lastKnownFileType = sourcecode.swift; path = TabBarItemsPreferenceKey.swift; sourceTree = "<group>"; };
		FBCA4ADF28885C8D0070CA7C /* TabBarItem.swift */ = {isa = PBXFileReference; lastKnownFileType = sourcecode.swift; path = TabBarItem.swift; sourceTree = "<group>"; };
		FBD21A67288360E0002F2588 /* AnyTransition.swift */ = {isa = PBXFileReference; lastKnownFileType = sourcecode.swift; path = AnyTransition.swift; sourceTree = "<group>"; };
/* End PBXFileReference section */

/* Begin PBXFrameworksBuildPhase section */
		FBB6DE1F2881F2E500C53517 /* Frameworks */ = {
			isa = PBXFrameworksBuildPhase;
			buildActionMask = 2147483647;
			files = (
			);
			runOnlyForDeploymentPostprocessing = 0;
		};
/* End PBXFrameworksBuildPhase section */

/* Begin PBXGroup section */
		FB08F7ED288ED21B000EF9E4 /* CustomNavView */ = {
			isa = PBXGroup;
			children = (
				FB08F7EE288ED23C000EF9E4 /* AppNavBarView.swift */,
				FB08F7F0288ED3A2000EF9E4 /* CustomNavBarView.swift */,
				FB08F7F2288ED593000EF9E4 /* CustomNavBarContainerView.swift */,
				FB08F7F4288ED779000EF9E4 /* CustomNavView.swift */,
				FB08F7F6288ED8E5000EF9E4 /* CustomNavLink.swift */,
				FB08F7F8288EDB33000EF9E4 /* CustomNavBarPreferenceKeys.swift */,
			);
			path = CustomNavView;
			sourceTree = "<group>";
		};
		FBB6DE192881F2E500C53517 = {
			isa = PBXGroup;
			children = (
				FBB6DE242881F2E500C53517 /* SwiftUIMastering */,
				FBB6DE232881F2E500C53517 /* Products */,
			);
			sourceTree = "<group>";
		};
		FBB6DE232881F2E500C53517 /* Products */ = {
			isa = PBXGroup;
			children = (
				FBB6DE222881F2E500C53517 /* SwiftUIMastering.app */,
			);
			name = Products;
			sourceTree = "<group>";
		};
		FBB6DE242881F2E500C53517 /* SwiftUIMastering */ = {
			isa = PBXGroup;
			children = (
				FBB6DE252881F2E500C53517 /* SwiftUIMasteringApp.swift */,
				FBB6DE332881F49600C53517 /* ViewModifiers.swift */,
				FBB6DE3528822CA200C53517 /* ButtonStyle.swift */,
				FBD21A67288360E0002F2588 /* AnyTransition.swift */,
				FB1DCEF42884C09500722E2F /* MatchGeometry.swift */,
				FB1DCEF628852FB400722E2F /* CustomShapes.swift */,
				FBCA4AC22885AD7B0070CA7C /* CustomCurves.swift */,
				FBCA4AC42885C30B0070CA7C /* AnimateableData.swift */,
				FBCA4AC628867EC10070CA7C /* Generics.swift */,
				FBCA4AC8288691630070CA7C /* ViewBuilder.swift */,
				FB08F7ED288ED21B000EF9E4 /* CustomNavView */,
				FBCA4AD62888343E0070CA7C /* CustomTabBar */,
				FBCA4AD12887FB2A0070CA7C /* Combine */,
				FBCA4ACC2886AA500070CA7C /* PreferenceKeyGroup */,
				FBB6DE292881F2E800C53517 /* Assets.xcassets */,
				FBB6DE2B2881F2E800C53517 /* Preview Content */,
			);
			path = SwiftUIMastering;
			sourceTree = "<group>";
		};
		FBB6DE2B2881F2E800C53517 /* Preview Content */ = {
			isa = PBXGroup;
			children = (
				FBB6DE2C2881F2E800C53517 /* Preview Assets.xcassets */,
			);
			path = "Preview Content";
			sourceTree = "<group>";
		};
		FBCA4ACC2886AA500070CA7C /* PreferenceKeyGroup */ = {
			isa = PBXGroup;
			children = (
				FBCA4ACA2886A7690070CA7C /* PreferenceKey.swift */,
				FBCA4ACD2886AA650070CA7C /* GeometryPreferenceKey.swift */,
				FBCA4ACF2886ACB30070CA7C /* ScrollViewOffsetPreferenceKey.swift */,
			);
			path = PreferenceKeyGroup;
			sourceTree = "<group>";
		};
		FBCA4AD12887FB2A0070CA7C /* Combine */ = {
			isa = PBXGroup;
			children = (
				FBCA4AD22887FB450070CA7C /* JSONwithCombine.swift */,
				FBCA4AD428880A380070CA7C /* Subscribers.swift */,
			);
			path = Combine;
			sourceTree = "<group>";
		};
		FBCA4AD62888343E0070CA7C /* CustomTabBar */ = {
			isa = PBXGroup;
			children = (
				FBCA4AD7288834630070CA7C /* AppTabBarView.swift */,
				FBCA4AD9288853890070CA7C /* CustomTabBarView.swift */,
				FBCA4ADB288856F60070CA7C /* CustomBarContainerView.swift */,
				FBCA4ADD28885A1B0070CA7C /* TabBarItemsPreferenceKey.swift */,
				FBCA4ADF28885C8D0070CA7C /* TabBarItem.swift */,
			);
			path = CustomTabBar;
			sourceTree = "<group>";
		};
/* End PBXGroup section */

/* Begin PBXNativeTarget section */
		FBB6DE212881F2E500C53517 /* SwiftUIMastering */ = {
			isa = PBXNativeTarget;
			buildConfigurationList = FBB6DE302881F2E800C53517 /* Build configuration list for PBXNativeTarget "SwiftUIMastering" */;
			buildPhases = (
				FBB6DE1E2881F2E500C53517 /* Sources */,
				FBB6DE1F2881F2E500C53517 /* Frameworks */,
				FBB6DE202881F2E500C53517 /* Resources */,
			);
			buildRules = (
			);
			dependencies = (
			);
			name = SwiftUIMastering;
			productName = SwiftUIMastering;
			productReference = FBB6DE222881F2E500C53517 /* SwiftUIMastering.app */;
			productType = "com.apple.product-type.application";
		};
/* End PBXNativeTarget section */

/* Begin PBXProject section */
		FBB6DE1A2881F2E500C53517 /* Project object */ = {
			isa = PBXProject;
			attributes = {
				BuildIndependentTargetsInParallel = 1;
				LastSwiftUpdateCheck = 1340;
				LastUpgradeCheck = 1340;
				TargetAttributes = {
					FBB6DE212881F2E500C53517 = {
						CreatedOnToolsVersion = 13.4.1;
					};
				};
			};
			buildConfigurationList = FBB6DE1D2881F2E500C53517 /* Build configuration list for PBXProject "SwiftUIMastering" */;
			compatibilityVersion = "Xcode 13.0";
			developmentRegion = en;
			hasScannedForEncodings = 0;
			knownRegions = (
				en,
				Base,
			);
			mainGroup = FBB6DE192881F2E500C53517;
			productRefGroup = FBB6DE232881F2E500C53517 /* Products */;
			projectDirPath = "";
			projectRoot = "";
			targets = (
				FBB6DE212881F2E500C53517 /* SwiftUIMastering */,
			);
		};
/* End PBXProject section */

/* Begin PBXResourcesBuildPhase section */
		FBB6DE202881F2E500C53517 /* Resources */ = {
			isa = PBXResourcesBuildPhase;
			buildActionMask = 2147483647;
			files = (
				FBB6DE2D2881F2E800C53517 /* Preview Assets.xcassets in Resources */,
				FBB6DE2A2881F2E800C53517 /* Assets.xcassets in Resources */,
			);
			runOnlyForDeploymentPostprocessing = 0;
		};
/* End PBXResourcesBuildPhase section */

/* Begin PBXSourcesBuildPhase section */
		FBB6DE1E2881F2E500C53517 /* Sources */ = {
			isa = PBXSourcesBuildPhase;
			buildActionMask = 2147483647;
			files = (
				FB1DCEF728852FB400722E2F /* CustomShapes.swift in Sources */,
				FBCA4AD32887FB450070CA7C /* JSONwithCombine.swift in Sources */,
				FB08F7EF288ED23C000EF9E4 /* AppNavBarView.swift in Sources */,
				FBCA4AE028885C8D0070CA7C /* TabBarItem.swift in Sources */,
				FBCA4ACB2886A7690070CA7C /* PreferenceKey.swift in Sources */,
				FBCA4ACE2886AA650070CA7C /* GeometryPreferenceKey.swift in Sources */,
				FBCA4ADA288853890070CA7C /* CustomTabBarView.swift in Sources */,
				FB1DCEF52884C09500722E2F /* MatchGeometry.swift in Sources */,
				FBB6DE3628822CA200C53517 /* ButtonStyle.swift in Sources */,
				FBCA4AD8288834630070CA7C /* AppTabBarView.swift in Sources */,
				FBCA4AD02886ACB30070CA7C /* ScrollViewOffsetPreferenceKey.swift in Sources */,
				FB08F7F3288ED593000EF9E4 /* CustomNavBarContainerView.swift in Sources */,
				FB08F7F9288EDB33000EF9E4 /* CustomNavBarPreferenceKeys.swift in Sources */,
				FBCA4ADC288856F60070CA7C /* CustomBarContainerView.swift in Sources */,
				FBCA4AC728867EC10070CA7C /* Generics.swift in Sources */,
				FB08F7F7288ED8E5000EF9E4 /* CustomNavLink.swift in Sources */,
				FBD21A68288360E0002F2588 /* AnyTransition.swift in Sources */,
				FBB6DE342881F49600C53517 /* ViewModifiers.swift in Sources */,
				FBCA4AD528880A380070CA7C /* Subscribers.swift in Sources */,
				FB08F7F5288ED779000EF9E4 /* CustomNavView.swift in Sources */,
				FBCA4AC52885C30B0070CA7C /* AnimateableData.swift in Sources */,
				FB08F7F1288ED3A2000EF9E4 /* CustomNavBarView.swift in Sources */,
				FBB6DE262881F2E500C53517 /* SwiftUIMasteringApp.swift in Sources */,
				FBCA4ADE28885A1B0070CA7C /* TabBarItemsPreferenceKey.swift in Sources */,
				FBCA4AC9288691630070CA7C /* ViewBuilder.swift in Sources */,
				FBCA4AC32885AD7B0070CA7C /* CustomCurves.swift in Sources */,
			);
			runOnlyForDeploymentPostprocessing = 0;
		};
/* End PBXSourcesBuildPhase section */

/* Begin XCBuildConfiguration section */
		FBB6DE2E2881F2E800C53517 /* Debug */ = {
			isa = XCBuildConfiguration;
			buildSettings = {
				ALWAYS_SEARCH_USER_PATHS = NO;
				CLANG_ANALYZER_NONNULL = YES;
				CLANG_ANALYZER_NUMBER_OBJECT_CONVERSION = YES_AGGRESSIVE;
				CLANG_CXX_LANGUAGE_STANDARD = "gnu++17";
				CLANG_ENABLE_MODULES = YES;
				CLANG_ENABLE_OBJC_ARC = YES;
				CLANG_ENABLE_OBJC_WEAK = YES;
				CLANG_WARN_BLOCK_CAPTURE_AUTORELEASING = YES;
				CLANG_WARN_BOOL_CONVERSION = YES;
				CLANG_WARN_COMMA = YES;
				CLANG_WARN_CONSTANT_CONVERSION = YES;
				CLANG_WARN_DEPRECATED_OBJC_IMPLEMENTATIONS = YES;
				CLANG_WARN_DIRECT_OBJC_ISA_USAGE = YES_ERROR;
				CLANG_WARN_DOCUMENTATION_COMMENTS = YES;
				CLANG_WARN_EMPTY_BODY = YES;
				CLANG_WARN_ENUM_CONVERSION = YES;
				CLANG_WARN_INFINITE_RECURSION = YES;
				CLANG_WARN_INT_CONVERSION = YES;
				CLANG_WARN_NON_LITERAL_NULL_CONVERSION = YES;
				CLANG_WARN_OBJC_IMPLICIT_RETAIN_SELF = YES;
				CLANG_WARN_OBJC_LITERAL_CONVERSION = YES;
				CLANG_WARN_OBJC_ROOT_CLASS = YES_ERROR;
				CLANG_WARN_QUOTED_INCLUDE_IN_FRAMEWORK_HEADER = YES;
				CLANG_WARN_RANGE_LOOP_ANALYSIS = YES;
				CLANG_WARN_STRICT_PROTOTYPES = YES;
				CLANG_WARN_SUSPICIOUS_MOVE = YES;
				CLANG_WARN_UNGUARDED_AVAILABILITY = YES_AGGRESSIVE;
				CLANG_WARN_UNREACHABLE_CODE = YES;
				CLANG_WARN__DUPLICATE_METHOD_MATCH = YES;
				COPY_PHASE_STRIP = NO;
				DEBUG_INFORMATION_FORMAT = dwarf;
				ENABLE_STRICT_OBJC_MSGSEND = YES;
				ENABLE_TESTABILITY = YES;
				GCC_C_LANGUAGE_STANDARD = gnu11;
				GCC_DYNAMIC_NO_PIC = NO;
				GCC_NO_COMMON_BLOCKS = YES;
				GCC_OPTIMIZATION_LEVEL = 0;
				GCC_PREPROCESSOR_DEFINITIONS = (
					"DEBUG=1",
					"$(inherited)",
				);
				GCC_WARN_64_TO_32_BIT_CONVERSION = YES;
				GCC_WARN_ABOUT_RETURN_TYPE = YES_ERROR;
				GCC_WARN_UNDECLARED_SELECTOR = YES;
				GCC_WARN_UNINITIALIZED_AUTOS = YES_AGGRESSIVE;
				GCC_WARN_UNUSED_FUNCTION = YES;
				GCC_WARN_UNUSED_VARIABLE = YES;
				IPHONEOS_DEPLOYMENT_TARGET = 15.5;
				MTL_ENABLE_DEBUG_INFO = INCLUDE_SOURCE;
				MTL_FAST_MATH = YES;
				ONLY_ACTIVE_ARCH = YES;
				SDKROOT = iphoneos;
				SWIFT_ACTIVE_COMPILATION_CONDITIONS = DEBUG;
				SWIFT_OPTIMIZATION_LEVEL = "-Onone";
			};
			name = Debug;
		};
		FBB6DE2F2881F2E800C53517 /* Release */ = {
			isa = XCBuildConfiguration;
			buildSettings = {
				ALWAYS_SEARCH_USER_PATHS = NO;
				CLANG_ANALYZER_NONNULL = YES;
				CLANG_ANALYZER_NUMBER_OBJECT_CONVERSION = YES_AGGRESSIVE;
				CLANG_CXX_LANGUAGE_STANDARD = "gnu++17";
				CLANG_ENABLE_MODULES = YES;
				CLANG_ENABLE_OBJC_ARC = YES;
				CLANG_ENABLE_OBJC_WEAK = YES;
				CLANG_WARN_BLOCK_CAPTURE_AUTORELEASING = YES;
				CLANG_WARN_BOOL_CONVERSION = YES;
				CLANG_WARN_COMMA = YES;
				CLANG_WARN_CONSTANT_CONVERSION = YES;
				CLANG_WARN_DEPRECATED_OBJC_IMPLEMENTATIONS = YES;
				CLANG_WARN_DIRECT_OBJC_ISA_USAGE = YES_ERROR;
				CLANG_WARN_DOCUMENTATION_COMMENTS = YES;
				CLANG_WARN_EMPTY_BODY = YES;
				CLANG_WARN_ENUM_CONVERSION = YES;
				CLANG_WARN_INFINITE_RECURSION = YES;
				CLANG_WARN_INT_CONVERSION = YES;
				CLANG_WARN_NON_LITERAL_NULL_CONVERSION = YES;
				CLANG_WARN_OBJC_IMPLICIT_RETAIN_SELF = YES;
				CLANG_WARN_OBJC_LITERAL_CONVERSION = YES;
				CLANG_WARN_OBJC_ROOT_CLASS = YES_ERROR;
				CLANG_WARN_QUOTED_INCLUDE_IN_FRAMEWORK_HEADER = YES;
				CLANG_WARN_RANGE_LOOP_ANALYSIS = YES;
				CLANG_WARN_STRICT_PROTOTYPES = YES;
				CLANG_WARN_SUSPICIOUS_MOVE = YES;
				CLANG_WARN_UNGUARDED_AVAILABILITY = YES_AGGRESSIVE;
				CLANG_WARN_UNREACHABLE_CODE = YES;
				CLANG_WARN__DUPLICATE_METHOD_MATCH = YES;
				COPY_PHASE_STRIP = NO;
				DEBUG_INFORMATION_FORMAT = "dwarf-with-dsym";
				ENABLE_NS_ASSERTIONS = NO;
				ENABLE_STRICT_OBJC_MSGSEND = YES;
				GCC_C_LANGUAGE_STANDARD = gnu11;
				GCC_NO_COMMON_BLOCKS = YES;
				GCC_WARN_64_TO_32_BIT_CONVERSION = YES;
				GCC_WARN_ABOUT_RETURN_TYPE = YES_ERROR;
				GCC_WARN_UNDECLARED_SELECTOR = YES;
				GCC_WARN_UNINITIALIZED_AUTOS = YES_AGGRESSIVE;
				GCC_WARN_UNUSED_FUNCTION = YES;
				GCC_WARN_UNUSED_VARIABLE = YES;
				IPHONEOS_DEPLOYMENT_TARGET = 15.5;
				MTL_ENABLE_DEBUG_INFO = NO;
				MTL_FAST_MATH = YES;
				SDKROOT = iphoneos;
				SWIFT_COMPILATION_MODE = wholemodule;
				SWIFT_OPTIMIZATION_LEVEL = "-O";
				VALIDATE_PRODUCT = YES;
			};
			name = Release;
		};
		FBB6DE312881F2E800C53517 /* Debug */ = {
			isa = XCBuildConfiguration;
			buildSettings = {
				ASSETCATALOG_COMPILER_APPICON_NAME = AppIcon;
				ASSETCATALOG_COMPILER_GLOBAL_ACCENT_COLOR_NAME = AccentColor;
				CODE_SIGN_STYLE = Automatic;
				CURRENT_PROJECT_VERSION = 1;
				DEVELOPMENT_ASSET_PATHS = "\"SwiftUIMastering/Preview Content\"";
				DEVELOPMENT_TEAM = 3ZQ6HX5N5Z;
				ENABLE_PREVIEWS = YES;
				GENERATE_INFOPLIST_FILE = YES;
				INFOPLIST_KEY_UIApplicationSceneManifest_Generation = YES;
				INFOPLIST_KEY_UIApplicationSupportsIndirectInputEvents = YES;
				INFOPLIST_KEY_UILaunchScreen_Generation = YES;
				INFOPLIST_KEY_UISupportedInterfaceOrientations_iPad = "UIInterfaceOrientationPortrait UIInterfaceOrientationPortraitUpsideDown UIInterfaceOrientationLandscapeLeft UIInterfaceOrientationLandscapeRight";
				INFOPLIST_KEY_UISupportedInterfaceOrientations_iPhone = "UIInterfaceOrientationPortrait UIInterfaceOrientationLandscapeLeft UIInterfaceOrientationLandscapeRight";
				LD_RUNPATH_SEARCH_PATHS = (
					"$(inherited)",
					"@executable_path/Frameworks",
				);
				MARKETING_VERSION = 1.0;
				PRODUCT_BUNDLE_IDENTIFIER = home.SwiftUIMastering;
				PRODUCT_NAME = "$(TARGET_NAME)";
				SWIFT_EMIT_LOC_STRINGS = YES;
				SWIFT_VERSION = 5.0;
				TARGETED_DEVICE_FAMILY = "1,2";
			};
			name = Debug;
		};
		FBB6DE322881F2E800C53517 /* Release */ = {
			isa = XCBuildConfiguration;
			buildSettings = {
				ASSETCATALOG_COMPILER_APPICON_NAME = AppIcon;
				ASSETCATALOG_COMPILER_GLOBAL_ACCENT_COLOR_NAME = AccentColor;
				CODE_SIGN_STYLE = Automatic;
				CURRENT_PROJECT_VERSION = 1;
				DEVELOPMENT_ASSET_PATHS = "\"SwiftUIMastering/Preview Content\"";
				DEVELOPMENT_TEAM = 3ZQ6HX5N5Z;
				ENABLE_PREVIEWS = YES;
				GENERATE_INFOPLIST_FILE = YES;
				INFOPLIST_KEY_UIApplicationSceneManifest_Generation = YES;
				INFOPLIST_KEY_UIApplicationSupportsIndirectInputEvents = YES;
				INFOPLIST_KEY_UILaunchScreen_Generation = YES;
				INFOPLIST_KEY_UISupportedInterfaceOrientations_iPad = "UIInterfaceOrientationPortrait UIInterfaceOrientationPortraitUpsideDown UIInterfaceOrientationLandscapeLeft UIInterfaceOrientationLandscapeRight";
				INFOPLIST_KEY_UISupportedInterfaceOrientations_iPhone = "UIInterfaceOrientationPortrait UIInterfaceOrientationLandscapeLeft UIInterfaceOrientationLandscapeRight";
				LD_RUNPATH_SEARCH_PATHS = (
					"$(inherited)",
					"@executable_path/Frameworks",
				);
				MARKETING_VERSION = 1.0;
				PRODUCT_BUNDLE_IDENTIFIER = home.SwiftUIMastering;
				PRODUCT_NAME = "$(TARGET_NAME)";
				SWIFT_EMIT_LOC_STRINGS = YES;
				SWIFT_VERSION = 5.0;
				TARGETED_DEVICE_FAMILY = "1,2";
			};
			name = Release;
		};
/* End XCBuildConfiguration section */

/* Begin XCConfigurationList section */
		FBB6DE1D2881F2E500C53517 /* Build configuration list for PBXProject "SwiftUIMastering" */ = {
			isa = XCConfigurationList;
			buildConfigurations = (
				FBB6DE2E2881F2E800C53517 /* Debug */,
				FBB6DE2F2881F2E800C53517 /* Release */,
			);
			defaultConfigurationIsVisible = 0;
			defaultConfigurationName = Release;
		};
		FBB6DE302881F2E800C53517 /* Build configuration list for PBXNativeTarget "SwiftUIMastering" */ = {
			isa = XCConfigurationList;
			buildConfigurations = (
				FBB6DE312881F2E800C53517 /* Debug */,
				FBB6DE322881F2E800C53517 /* Release */,
			);
			defaultConfigurationIsVisible = 0;
			defaultConfigurationName = Release;
		};
/* End XCConfigurationList section */
	};
	rootObject = FBB6DE1A2881F2E500C53517 /* Project object */;
}
